
Microsoft Visual Studio Solution File, Format Version 12.00
# Visual Studio Version 17
VisualStudioVersion = 17.0.31903.59
MinimumVisualStudioVersion = 10.0.40219.1
Project("{2150E333-8FDC-42A3-9474-1A3956D46DE8}") = "2023", "2023", "{DA53DCBF-8D07-4C30-B4A0-EDD515BCDF49}"
EndProject
Project("{FAE04EC0-301F-11D3-BF4B-00C04F79EFBC}") = "AdventOfCode2023", "AdventOfCode2023\AdventOfCode2023.csproj", "{CF96AF2E-21BE-49B3-81E1-69539E0394FD}"
EndProject
Global
	GlobalSection(SolutionConfigurationPlatforms) = preSolution
		Debug|Any CPU = Debug|Any CPU
		Release|Any CPU = Release|Any CPU
	EndGlobalSection
	GlobalSection(SolutionProperties) = preSolution
		HideSolutionNode = FALSE
	EndGlobalSection
	GlobalSection(ProjectConfigurationPlatforms) = postSolution
		{CF96AF2E-21BE-49B3-81E1-69539E0394FD}.Debug|Any CPU.ActiveCfg = Debug|Any CPU
		{CF96AF2E-21BE-49B3-81E1-69539E0394FD}.Debug|Any CPU.Build.0 = Debug|Any CPU
		{CF96AF2E-21BE-49B3-81E1-69539E0394FD}.Release|Any CPU.ActiveCfg = Release|Any CPU
		{CF96AF2E-21BE-49B3-81E1-69539E0394FD}.Release|Any CPU.Build.0 = Release|Any CPU
	EndGlobalSection
	GlobalSection(NestedProjects) = preSolution
		{CF96AF2E-21BE-49B3-81E1-69539E0394FD} = {DA53DCBF-8D07-4C30-B4A0-EDD515BCDF49}
	EndGlobalSection
EndGlobal
