{
  "name": "advent-of-code-2022",
  "version": "1.0.0",
  "lockfileVersion": 2,
  "requires": true,
  "packages": {
    "": {
      "name": "advent-of-code-2022",
      "version": "1.0.0",
      "license": "ISC",
      "dependencies": {
        "string-array": "^1.0.1"
      }
    },
    "node_modules/string-array": {
      "version": "1.0.1",
      "resolved": "https://registry.npmjs.org/string-array/-/string-array-1.0.1.tgz",
      "integrity": "sha512-IHgqBWTsXuE27ZL7N9/XBIzWWrSwr9tKJw6qdIOMGIM2sxxJRvJe9vQMPW37MHrxidXlyJD8w61mQ6qLvnjqvg=="
    }
  },
  "dependencies": {
    "string-array": {
      "version": "1.0.1",
      "resolved": "https://registry.npmjs.org/string-array/-/string-array-1.0.1.tgz",
      "integrity": "sha512-IHgqBWTsXuE27ZL7N9/XBIzWWrSwr9tKJw6qdIOMGIM2sxxJRvJe9vQMPW37MHrxidXlyJD8w61mQ6qLvnjqvg=="
    }
  }
}
